Microsoft Visual Studio Solution File, Format Version 12.00
# Visual Studio Version 17
VisualStudioVersion = 17.5.2.0
MinimumVisualStudioVersion = 10.0.40219.1
Project("{2150E333-8FDC-42A3-9474-1A3956D46DE8}") = "Code", "Code", "{314C6247-30EA-3492-19B6-DF847E3B326F}"
EndProject
Project("{2150E333-8FDC-42A3-9474-1A3956D46DE8}") = "Mikes web page code", "Mikes web page code", "{DEB7DC9F-5064-035A-1F83-0D05CBDE4C81}"
EndProject
Project("{FAE04EC0-301F-11D3-BF4B-00C04F79EFBC}") = "EMRweb", "Code\Mikes web page code\EMRweb.csproj", "{ABA4097F-0058-95B9-242F-358609353062}"
EndProject
Global
	GlobalSection(SolutionConfigurationPlatforms) = preSolution
		Debug|Any CPU = Debug|Any CPU
		Release|Any CPU = Release|Any CPU
	EndGlobalSection
	GlobalSection(ProjectConfigurationPlatforms) = postSolution
		{ABA4097F-0058-95B9-242F-358609353062}.Debug|Any CPU.ActiveCfg = Debug|Any CPU
		{ABA4097F-0058-95B9-242F-358609353062}.Debug|Any CPU.Build.0 = Debug|Any CPU
		{ABA4097F-0058-95B9-242F-358609353062}.Release|Any CPU.ActiveCfg = Release|Any CPU
		{ABA4097F-0058-95B9-242F-358609353062}.Release|Any CPU.Build.0 = Release|Any CPU
	EndGlobalSection
	GlobalSection(SolutionProperties) = preSolution
		HideSolutionNode = FALSE
	EndGlobalSection
	GlobalSection(NestedProjects) = preSolution
		{DEB7DC9F-5064-035A-1F83-0D05CBDE4C81} = {314C6247-30EA-3492-19B6-DF847E3B326F}
		{ABA4097F-0058-95B9-242F-358609353062} = {DEB7DC9F-5064-035A-1F83-0D05CBDE4C81}
	EndGlobalSection
	GlobalSection(ExtensibilityGlobals) = postSolution
		SolutionGuid = {CAF7AF2B-07B2-4A22-9A79-F77D8FF736D1}
	EndGlobalSection
EndGlobal
